
Microsoft Visual Studio Solution File, Format Version 12.00
# Visual Studio Version 17
VisualStudioVersion = 17.13.35931.197
MinimumVisualStudioVersion = 10.0.40219.1
Project("{FAE04EC0-301F-11D3-BF4B-00C04F79EFBC}") = "pomcUI", "pomcUI\pomcUI.csproj", "{B7C14BD9-A28E-4F77-9889-D200172095A5}"
EndProject
Project("{FAE04EC0-301F-11D3-BF4B-00C04F79EFBC}") = "pomcAPI", "pomcAPI\pomcAPI.csproj", "{8BA0D63A-34CC-45CD-8BB8-61F3259D3157}"
EndProject
Project("{FAE04EC0-301F-11D3-BF4B-00C04F79EFBC}") = "pomcTEST", "pomcTEST\pomcTEST.csproj", "{CC207B5C-1F53-428D-A4E6-40B21427995E}"
EndProject
Global
	GlobalSection(SolutionConfigurationPlatforms) = preSolution
		Debug|Any CPU = Debug|Any CPU
		Release|Any CPU = Release|Any CPU
	EndGlobalSection
	GlobalSection(ProjectConfigurationPlatforms) = postSolution
		{B7C14BD9-A28E-4F77-9889-D200172095A5}.Debug|Any CPU.ActiveCfg = Debug|Any CPU
		{B7C14BD9-A28E-4F77-9889-D200172095A5}.Debug|Any CPU.Build.0 = Debug|Any CPU
		{B7C14BD9-A28E-4F77-9889-D200172095A5}.Debug|Any CPU.Deploy.0 = Debug|Any CPU
		{B7C14BD9-A28E-4F77-9889-D200172095A5}.Release|Any CPU.ActiveCfg = Release|Any CPU
		{B7C14BD9-A28E-4F77-9889-D200172095A5}.Release|Any CPU.Build.0 = Release|Any CPU
		{B7C14BD9-A28E-4F77-9889-D200172095A5}.Release|Any CPU.Deploy.0 = Release|Any CPU
		{8BA0D63A-34CC-45CD-8BB8-61F3259D3157}.Debug|Any CPU.ActiveCfg = Debug|Any CPU
		{8BA0D63A-34CC-45CD-8BB8-61F3259D3157}.Debug|Any CPU.Build.0 = Debug|Any CPU
		{8BA0D63A-34CC-45CD-8BB8-61F3259D3157}.Release|Any CPU.ActiveCfg = Release|Any CPU
		{8BA0D63A-34CC-45CD-8BB8-61F3259D3157}.Release|Any CPU.Build.0 = Release|Any CPU
		{CC207B5C-1F53-428D-A4E6-40B21427995E}.Debug|Any CPU.ActiveCfg = Debug|Any CPU
		{CC207B5C-1F53-428D-A4E6-40B21427995E}.Debug|Any CPU.Build.0 = Debug|Any CPU
		{CC207B5C-1F53-428D-A4E6-40B21427995E}.Release|Any CPU.ActiveCfg = Release|Any CPU
		{CC207B5C-1F53-428D-A4E6-40B21427995E}.Release|Any CPU.Build.0 = Release|Any CPU
	EndGlobalSection
	GlobalSection(SolutionProperties) = preSolution
		HideSolutionNode = FALSE
	EndGlobalSection
	GlobalSection(ExtensibilityGlobals) = postSolution
		SolutionGuid = {00C033C1-2972-4468-AE1A-201B8929AADD}
	EndGlobalSection
EndGlobal
